
Microsoft Visual Studio Solution File, Format Version 12.00
# Visual Studio Version 16
VisualStudioVersion = 16.0.33328.57
MinimumVisualStudioVersion = 10.0.40219.1
Project("{FAE04EC0-301F-11D3-BF4B-00C04F79EFBC}") = "pokedex-web", "pokedex-web\pokedex-web.csproj", "{579B3C8C-F5CB-4665-8984-B20B1B3C4D18}"
EndProject
Global
	GlobalSection(SolutionConfigurationPlatforms) = preSolution
		Debug|Any CPU = Debug|Any CPU
		Release|Any CPU = Release|Any CPU
	EndGlobalSection
	GlobalSection(ProjectConfigurationPlatforms) = postSolution
		{579B3C8C-F5CB-4665-8984-B20B1B3C4D18}.Debug|Any CPU.ActiveCfg = Debug|Any CPU
		{579B3C8C-F5CB-4665-8984-B20B1B3C4D18}.Debug|Any CPU.Build.0 = Debug|Any CPU
		{579B3C8C-F5CB-4665-8984-B20B1B3C4D18}.Release|Any CPU.ActiveCfg = Release|Any CPU
		{579B3C8C-F5CB-4665-8984-B20B1B3C4D18}.Release|Any CPU.Build.0 = Release|Any CPU
	EndGlobalSection
	GlobalSection(SolutionProperties) = preSolution
		HideSolutionNode = FALSE
	EndGlobalSection
	GlobalSection(ExtensibilityGlobals) = postSolution
		SolutionGuid = {B4C10D0C-2400-4D5E-AFA7-63C26D7EA7FC}
	EndGlobalSection
EndGlobal
